
Microsoft Visual Studio Solution File, Format Version 12.00
# Visual Studio Version 17
VisualStudioVersion = 17.12.35527.113
MinimumVisualStudioVersion = 10.0.40219.1
Project("{FAE04EC0-301F-11D3-BF4B-00C04F79EFBC}") = "Lucene.Net.Extensions", "Lucene.Net.Extensions\Lucene.Net.Extensions.csproj", "{DF4D1542-40DF-4922-AE9C-F67F281D4A73}"
EndProject
Project("{FAE04EC0-301F-11D3-BF4B-00C04F79EFBC}") = "Lucene.Net.ExtensionsTests", "Lucene.Net.ExtensionsTests\Lucene.Net.ExtensionsTests.csproj", "{C7FE6F97-CBD5-4213-973D-468B8C893F9F}"
EndProject
Project("{FAE04EC0-301F-11D3-BF4B-00C04F79EFBC}") = "Lucene.Net.Extensions.Runtime.Windows", "Lucene.Net.Extensions.Runtime.Windows\Lucene.Net.Extensions.Runtime.Windows.csproj", "{B42B0DD8-97AA-4BA9-821B-E18FB53CF7A5}"
EndProject
Project("{FAE04EC0-301F-11D3-BF4B-00C04F79EFBC}") = "Lucene.Net.Extensions.Runtime.Unix", "Lucene.Net.Extensions.Runtime.Unix\Lucene.Net.Extensions.Runtime.Unix.csproj", "{9D1CBA53-EE6E-42D7-93C4-5A08968BF027}"
EndProject
Global
	GlobalSection(SolutionConfigurationPlatforms) = preSolution
		Debug|Any CPU = Debug|Any CPU
		Debug|x64 = Debug|x64
		Debug|x86 = Debug|x86
		Release|Any CPU = Release|Any CPU
		Release|x64 = Release|x64
		Release|x86 = Release|x86
	EndGlobalSection
	GlobalSection(ProjectConfigurationPlatforms) = postSolution
		{DF4D1542-40DF-4922-AE9C-F67F281D4A73}.Debug|Any CPU.ActiveCfg = Debug|Any CPU
		{DF4D1542-40DF-4922-AE9C-F67F281D4A73}.Debug|Any CPU.Build.0 = Debug|Any CPU
		{DF4D1542-40DF-4922-AE9C-F67F281D4A73}.Debug|x64.ActiveCfg = Debug|Any CPU
		{DF4D1542-40DF-4922-AE9C-F67F281D4A73}.Debug|x64.Build.0 = Debug|Any CPU
		{DF4D1542-40DF-4922-AE9C-F67F281D4A73}.Debug|x86.ActiveCfg = Debug|Any CPU
		{DF4D1542-40DF-4922-AE9C-F67F281D4A73}.Debug|x86.Build.0 = Debug|Any CPU
		{DF4D1542-40DF-4922-AE9C-F67F281D4A73}.Release|Any CPU.ActiveCfg = Release|Any CPU
		{DF4D1542-40DF-4922-AE9C-F67F281D4A73}.Release|Any CPU.Build.0 = Release|Any CPU
		{DF4D1542-40DF-4922-AE9C-F67F281D4A73}.Release|x64.ActiveCfg = Release|Any CPU
		{DF4D1542-40DF-4922-AE9C-F67F281D4A73}.Release|x64.Build.0 = Release|Any CPU
		{DF4D1542-40DF-4922-AE9C-F67F281D4A73}.Release|x86.ActiveCfg = Release|Any CPU
		{DF4D1542-40DF-4922-AE9C-F67F281D4A73}.Release|x86.Build.0 = Release|Any CPU
		{C7FE6F97-CBD5-4213-973D-468B8C893F9F}.Debug|Any CPU.ActiveCfg = Debug|Any CPU
		{C7FE6F97-CBD5-4213-973D-468B8C893F9F}.Debug|Any CPU.Build.0 = Debug|Any CPU
		{C7FE6F97-CBD5-4213-973D-468B8C893F9F}.Debug|x64.ActiveCfg = Debug|Any CPU
		{C7FE6F97-CBD5-4213-973D-468B8C893F9F}.Debug|x64.Build.0 = Debug|Any CPU
		{C7FE6F97-CBD5-4213-973D-468B8C893F9F}.Debug|x86.ActiveCfg = Debug|Any CPU
		{C7FE6F97-CBD5-4213-973D-468B8C893F9F}.Debug|x86.Build.0 = Debug|Any CPU
		{C7FE6F97-CBD5-4213-973D-468B8C893F9F}.Release|Any CPU.ActiveCfg = Release|Any CPU
		{C7FE6F97-CBD5-4213-973D-468B8C893F9F}.Release|Any CPU.Build.0 = Release|Any CPU
		{C7FE6F97-CBD5-4213-973D-468B8C893F9F}.Release|x64.ActiveCfg = Release|Any CPU
		{C7FE6F97-CBD5-4213-973D-468B8C893F9F}.Release|x64.Build.0 = Release|Any CPU
		{C7FE6F97-CBD5-4213-973D-468B8C893F9F}.Release|x86.ActiveCfg = Release|Any CPU
		{C7FE6F97-CBD5-4213-973D-468B8C893F9F}.Release|x86.Build.0 = Release|Any CPU
		{B42B0DD8-97AA-4BA9-821B-E18FB53CF7A5}.Debug|Any CPU.ActiveCfg = Debug|Any CPU
		{B42B0DD8-97AA-4BA9-821B-E18FB53CF7A5}.Debug|Any CPU.Build.0 = Debug|Any CPU
		{B42B0DD8-97AA-4BA9-821B-E18FB53CF7A5}.Debug|x64.ActiveCfg = Debug|Any CPU
		{B42B0DD8-97AA-4BA9-821B-E18FB53CF7A5}.Debug|x64.Build.0 = Debug|Any CPU
		{B42B0DD8-97AA-4BA9-821B-E18FB53CF7A5}.Debug|x86.ActiveCfg = Debug|Any CPU
		{B42B0DD8-97AA-4BA9-821B-E18FB53CF7A5}.Debug|x86.Build.0 = Debug|Any CPU
		{B42B0DD8-97AA-4BA9-821B-E18FB53CF7A5}.Release|Any CPU.ActiveCfg = Release|Any CPU
		{B42B0DD8-97AA-4BA9-821B-E18FB53CF7A5}.Release|Any CPU.Build.0 = Release|Any CPU
		{B42B0DD8-97AA-4BA9-821B-E18FB53CF7A5}.Release|x64.ActiveCfg = Release|Any CPU
		{B42B0DD8-97AA-4BA9-821B-E18FB53CF7A5}.Release|x64.Build.0 = Release|Any CPU
		{B42B0DD8-97AA-4BA9-821B-E18FB53CF7A5}.Release|x86.ActiveCfg = Release|Any CPU
		{B42B0DD8-97AA-4BA9-821B-E18FB53CF7A5}.Release|x86.Build.0 = Release|Any CPU
		{9D1CBA53-EE6E-42D7-93C4-5A08968BF027}.Debug|Any CPU.ActiveCfg = Debug|Any CPU
		{9D1CBA53-EE6E-42D7-93C4-5A08968BF027}.Debug|Any CPU.Build.0 = Debug|Any CPU
		{9D1CBA53-EE6E-42D7-93C4-5A08968BF027}.Debug|x64.ActiveCfg = Debug|Any CPU
		{9D1CBA53-EE6E-42D7-93C4-5A08968BF027}.Debug|x64.Build.0 = Debug|Any CPU
		{9D1CBA53-EE6E-42D7-93C4-5A08968BF027}.Debug|x86.ActiveCfg = Debug|Any CPU
		{9D1CBA53-EE6E-42D7-93C4-5A08968BF027}.Debug|x86.Build.0 = Debug|Any CPU
		{9D1CBA53-EE6E-42D7-93C4-5A08968BF027}.Release|Any CPU.ActiveCfg = Release|Any CPU
		{9D1CBA53-EE6E-42D7-93C4-5A08968BF027}.Release|Any CPU.Build.0 = Release|Any CPU
		{9D1CBA53-EE6E-42D7-93C4-5A08968BF027}.Release|x64.ActiveCfg = Release|Any CPU
		{9D1CBA53-EE6E-42D7-93C4-5A08968BF027}.Release|x64.Build.0 = Release|Any CPU
		{9D1CBA53-EE6E-42D7-93C4-5A08968BF027}.Release|x86.ActiveCfg = Release|Any CPU
		{9D1CBA53-EE6E-42D7-93C4-5A08968BF027}.Release|x86.Build.0 = Release|Any CPU
	EndGlobalSection
	GlobalSection(SolutionProperties) = preSolution
		HideSolutionNode = FALSE
	EndGlobalSection
EndGlobal
